
Microsoft Visual Studio Solution File, Format Version 12.00
# Visual Studio Version 17
VisualStudioVersion = 17.5.002.0
MinimumVisualStudioVersion = 10.0.40219.1
Project("{9A19103F-16F7-4668-BE54-9A1E7A4F7556}") = "Task1", "Task1.csproj", "{8F261CEA-CCA4-4F11-AF2F-892AC71E8E43}"
EndProject
Global
	GlobalSection(SolutionConfigurationPlatforms) = preSolution
		Debug|Any CPU = Debug|Any CPU
		Release|Any CPU = Release|Any CPU
	EndGlobalSection
	GlobalSection(ProjectConfigurationPlatforms) = postSolution
		{8F261CEA-CCA4-4F11-AF2F-892AC71E8E43}.Debug|Any CPU.ActiveCfg = Debug|Any CPU
		{8F261CEA-CCA4-4F11-AF2F-892AC71E8E43}.Debug|Any CPU.Build.0 = Debug|Any CPU
		{8F261CEA-CCA4-4F11-AF2F-892AC71E8E43}.Release|Any CPU.ActiveCfg = Release|Any CPU
		{8F261CEA-CCA4-4F11-AF2F-892AC71E8E43}.Release|Any CPU.Build.0 = Release|Any CPU
	EndGlobalSection
	GlobalSection(SolutionProperties) = preSolution
		HideSolutionNode = FALSE
	EndGlobalSection
	GlobalSection(ExtensibilityGlobals) = postSolution
		SolutionGuid = {50F12EC1-11FC-4949-95A5-4750A3A77A6A}
	EndGlobalSection
EndGlobal
